
Microsoft Visual Studio Solution File, Format Version 12.00
# Visual Studio 15
VisualStudioVersion = 15.0.27130.0
MinimumVisualStudioVersion = 10.0.40219.1
Project("{FAE04EC0-301F-11D3-BF4B-00C04F79EFBC}") = "MVCAzureApp", "MVCAzureApp\MVCAzureApp.csproj", "{065A5125-BB7C-4BD4-93FB-90D2303CB189}"
EndProject
Global
	GlobalSection(SolutionConfigurationPlatforms) = preSolution
		Debug|Any CPU = Debug|Any CPU
		Release|Any CPU = Release|Any CPU
	EndGlobalSection
	GlobalSection(ProjectConfigurationPlatforms) = postSolution
		{065A5125-BB7C-4BD4-93FB-90D2303CB189}.Debug|Any CPU.ActiveCfg = Debug|Any CPU
		{065A5125-BB7C-4BD4-93FB-90D2303CB189}.Debug|Any CPU.Build.0 = Debug|Any CPU
		{065A5125-BB7C-4BD4-93FB-90D2303CB189}.Release|Any CPU.ActiveCfg = Release|Any CPU
		{065A5125-BB7C-4BD4-93FB-90D2303CB189}.Release|Any CPU.Build.0 = Release|Any CPU
	EndGlobalSection
	GlobalSection(SolutionProperties) = preSolution
		HideSolutionNode = FALSE
	EndGlobalSection
	GlobalSection(ExtensibilityGlobals) = postSolution
		SolutionGuid = {EE00FF02-CD59-4FF9-95CA-F6427E5CC5AB}
	EndGlobalSection
EndGlobal
